// !$*UTF8*$!
{
	archiveVersion = 1;
	classes = {
	};
	objectVersion = 56;
	objects = {

/* Begin PBXBuildFile section */
		C1F554A92B17C7BE00BA3404 /* AppDelegate.swift in Sources */ = {isa = PBXBuildFile; fileRef = C1F554A82B17C7BE00BA3404 /* AppDelegate.swift */; };
		C1F554AB2B17C7BE00BA3404 /* SceneDelegate.swift in Sources */ = {isa = PBXBuildFile; fileRef = C1F554AA2B17C7BE00BA3404 /* SceneDelegate.swift */; };
		C1F554AD2B17C7BE00BA3404 /* MainTabBarViewController.swift in Sources */ = {isa = PBXBuildFile; fileRef = C1F554AC2B17C7BE00BA3404 /* MainTabBarViewController.swift */; };
		C1F554B22B17C7C000BA3404 /* Assets.xcassets in Resources */ = {isa = PBXBuildFile; fileRef = C1F554B12B17C7C000BA3404 /* Assets.xcassets */; };
		C1F554B52B17C7C000BA3404 /* LaunchScreen.storyboard in Resources */ = {isa = PBXBuildFile; fileRef = C1F554B32B17C7C000BA3404 /* LaunchScreen.storyboard */; };
		C1F554BF2B17CD7500BA3404 /* HomeViewController.swift in Sources */ = {isa = PBXBuildFile; fileRef = C1F554BE2B17CD7400BA3404 /* HomeViewController.swift */; };
		C1F554C12B17CDA000BA3404 /* UpcomingViewController.swift in Sources */ = {isa = PBXBuildFile; fileRef = C1F554C02B17CDA000BA3404 /* UpcomingViewController.swift */; };
		C1F554C32B17CDB700BA3404 /* SearchViewController.swift in Sources */ = {isa = PBXBuildFile; fileRef = C1F554C22B17CDB700BA3404 /* SearchViewController.swift */; };
		C1F554C52B17CDCD00BA3404 /* DownloadsViewController.swift in Sources */ = {isa = PBXBuildFile; fileRef = C1F554C42B17CDCD00BA3404 /* DownloadsViewController.swift */; };
		C1F554CC2B17D77200BA3404 /* CollectionViewTableViewCell.swift in Sources */ = {isa = PBXBuildFile; fileRef = C1F554CB2B17D77200BA3404 /* CollectionViewTableViewCell.swift */; };
		C1F554CE2B17EE9800BA3404 /* HeroHeaderUIView.swift in Sources */ = {isa = PBXBuildFile; fileRef = C1F554CD2B17EE9800BA3404 /* HeroHeaderUIView.swift */; };
		C1F554D12B17F32500BA3404 /* HeroImage.jpg in Resources */ = {isa = PBXBuildFile; fileRef = C1F554D02B17F32500BA3404 /* HeroImage.jpg */; };
/* End PBXBuildFile section */

/* Begin PBXFileReference section */
		C1F554A52B17C7BE00BA3404 /* NetflixClone.app */ = {isa = PBXFileReference; explicitFileType = wrapper.application; includeInIndex = 0; path = NetflixClone.app; sourceTree = BUILT_PRODUCTS_DIR; };
		C1F554A82B17C7BE00BA3404 /* AppDelegate.swift */ = {isa = PBXFileReference; lastKnownFileType = sourcecode.swift; path = AppDelegate.swift; sourceTree = "<group>"; };
		C1F554AA2B17C7BE00BA3404 /* SceneDelegate.swift */ = {isa = PBXFileReference; lastKnownFileType = sourcecode.swift; path = SceneDelegate.swift; sourceTree = "<group>"; };
		C1F554AC2B17C7BE00BA3404 /* MainTabBarViewController.swift */ = {isa = PBXFileReference; lastKnownFileType = sourcecode.swift; path = MainTabBarViewController.swift; sourceTree = "<group>"; };
		C1F554B12B17C7C000BA3404 /* Assets.xcassets */ = {isa = PBXFileReference; lastKnownFileType = folder.assetcatalog; path = Assets.xcassets; sourceTree = "<group>"; };
		C1F554B42B17C7C000BA3404 /* Base */ = {isa = PBXFileReference; lastKnownFileType = file.storyboard; name = Base; path = Base.lproj/LaunchScreen.storyboard; sourceTree = "<group>"; };
		C1F554B62B17C7C000BA3404 /* Info.plist */ = {isa = PBXFileReference; lastKnownFileType = text.plist.xml; path = Info.plist; sourceTree = "<group>"; };
		C1F554BE2B17CD7400BA3404 /* HomeViewController.swift */ = {isa = PBXFileReference; lastKnownFileType = sourcecode.swift; path = HomeViewController.swift; sourceTree = "<group>"; };
		C1F554C02B17CDA000BA3404 /* UpcomingViewController.swift */ = {isa = PBXFileReference; lastKnownFileType = sourcecode.swift; path = UpcomingViewController.swift; sourceTree = "<group>"; };
		C1F554C22B17CDB700BA3404 /* SearchViewController.swift */ = {isa = PBXFileReference; lastKnownFileType = sourcecode.swift; path = SearchViewController.swift; sourceTree = "<group>"; };
		C1F554C42B17CDCD00BA3404 /* DownloadsViewController.swift */ = {isa = PBXFileReference; lastKnownFileType = sourcecode.swift; path = DownloadsViewController.swift; sourceTree = "<group>"; };
		C1F554CB2B17D77200BA3404 /* CollectionViewTableViewCell.swift */ = {isa = PBXFileReference; lastKnownFileType = sourcecode.swift; path = CollectionViewTableViewCell.swift; sourceTree = "<group>"; };
		C1F554CD2B17EE9800BA3404 /* HeroHeaderUIView.swift */ = {isa = PBXFileReference; lastKnownFileType = sourcecode.swift; path = HeroHeaderUIView.swift; sourceTree = "<group>"; };
		C1F554D02B17F32500BA3404 /* HeroImage.jpg */ = {isa = PBXFileReference; lastKnownFileType = image.jpeg; path = HeroImage.jpg; sourceTree = "<group>"; };
/* End PBXFileReference section */

/* Begin PBXFrameworksBuildPhase section */
		C1F554A22B17C7BE00BA3404 /* Frameworks */ = {
			isa = PBXFrameworksBuildPhase;
			buildActionMask = 2147483647;
			files = (
			);
			runOnlyForDeploymentPostprocessing = 0;
		};
/* End PBXFrameworksBuildPhase section */

/* Begin PBXGroup section */
		C1F5549C2B17C7BE00BA3404 = {
			isa = PBXGroup;
			children = (
				C1F554A72B17C7BE00BA3404 /* NetflixClone */,
				C1F554A62B17C7BE00BA3404 /* Products */,
			);
			sourceTree = "<group>";
		};
		C1F554A62B17C7BE00BA3404 /* Products */ = {
			isa = PBXGroup;
			children = (
				C1F554A52B17C7BE00BA3404 /* NetflixClone.app */,
			);
			name = Products;
			sourceTree = "<group>";
		};
		C1F554A72B17C7BE00BA3404 /* NetflixClone */ = {
			isa = PBXGroup;
			children = (
				C1F554CA2B17D74600BA3404 /* Managers */,
				C1F554C92B17D74000BA3404 /* Resources */,
				C1F554C82B17D72100BA3404 /* Models */,
				C1F554C62B17D70D00BA3404 /* Views */,
				C1F554C72B17D71700BA3404 /* ViewModels */,
				C1F554BD2B17CD5100BA3404 /* Controllers */,
				C1F554BC2B17C89800BA3404 /* HelperFiles */,
				C1F554AC2B17C7BE00BA3404 /* MainTabBarViewController.swift */,
			);
			path = NetflixClone;
			sourceTree = "<group>";
		};
		C1F554BC2B17C89800BA3404 /* HelperFiles */ = {
			isa = PBXGroup;
			children = (
				C1F554A82B17C7BE00BA3404 /* AppDelegate.swift */,
				C1F554AA2B17C7BE00BA3404 /* SceneDelegate.swift */,
				C1F554B62B17C7C000BA3404 /* Info.plist */,
				C1F554B32B17C7C000BA3404 /* LaunchScreen.storyboard */,
				C1F554B12B17C7C000BA3404 /* Assets.xcassets */,
			);
			name = HelperFiles;
			sourceTree = "<group>";
		};
		C1F554BD2B17CD5100BA3404 /* Controllers */ = {
			isa = PBXGroup;
			children = (
				C1F554BE2B17CD7400BA3404 /* HomeViewController.swift */,
				C1F554C02B17CDA000BA3404 /* UpcomingViewController.swift */,
				C1F554C22B17CDB700BA3404 /* SearchViewController.swift */,
				C1F554C42B17CDCD00BA3404 /* DownloadsViewController.swift */,
			);
			name = Controllers;
			sourceTree = "<group>";
		};
		C1F554C62B17D70D00BA3404 /* Views */ = {
			isa = PBXGroup;
			children = (
				C1F554CB2B17D77200BA3404 /* CollectionViewTableViewCell.swift */,
				C1F554CD2B17EE9800BA3404 /* HeroHeaderUIView.swift */,
			);
			name = Views;
			sourceTree = "<group>";
		};
		C1F554C72B17D71700BA3404 /* ViewModels */ = {
			isa = PBXGroup;
			children = (
			);
			name = ViewModels;
			sourceTree = "<group>";
		};
		C1F554C82B17D72100BA3404 /* Models */ = {
			isa = PBXGroup;
			children = (
			);
			name = Models;
			sourceTree = "<group>";
		};
		C1F554C92B17D74000BA3404 /* Resources */ = {
			isa = PBXGroup;
			children = (
				C1F554D02B17F32500BA3404 /* HeroImage.jpg */,
			);
			name = Resources;
			sourceTree = "<group>";
		};
		C1F554CA2B17D74600BA3404 /* Managers */ = {
			isa = PBXGroup;
			children = (
			);
			name = Managers;
			sourceTree = "<group>";
		};
/* End PBXGroup section */

/* Begin PBXNativeTarget section */
		C1F554A42B17C7BE00BA3404 /* NetflixClone */ = {
			isa = PBXNativeTarget;
			buildConfigurationList = C1F554B92B17C7C000BA3404 /* Build configuration list for PBXNativeTarget "NetflixClone" */;
			buildPhases = (
				C1F554A12B17C7BE00BA3404 /* Sources */,
				C1F554A22B17C7BE00BA3404 /* Frameworks */,
				C1F554A32B17C7BE00BA3404 /* Resources */,
			);
			buildRules = (
			);
			dependencies = (
			);
			name = NetflixClone;
			productName = NetflixClone;
			productReference = C1F554A52B17C7BE00BA3404 /* NetflixClone.app */;
			productType = "com.apple.product-type.application";
		};
/* End PBXNativeTarget section */

/* Begin PBXProject section */
		C1F5549D2B17C7BE00BA3404 /* Project object */ = {
			isa = PBXProject;
			attributes = {
				BuildIndependentTargetsInParallel = 1;
				LastSwiftUpdateCheck = 1410;
				LastUpgradeCheck = 1410;
				TargetAttributes = {
					C1F554A42B17C7BE00BA3404 = {
						CreatedOnToolsVersion = 14.1;
					};
				};
			};
			buildConfigurationList = C1F554A02B17C7BE00BA3404 /* Build configuration list for PBXProject "NetflixClone" */;
			compatibilityVersion = "Xcode 14.0";
			developmentRegion = en;
			hasScannedForEncodings = 0;
			knownRegions = (
				en,
				Base,
			);
			mainGroup = C1F5549C2B17C7BE00BA3404;
			productRefGroup = C1F554A62B17C7BE00BA3404 /* Products */;
			projectDirPath = "";
			projectRoot = "";
			targets = (
				C1F554A42B17C7BE00BA3404 /* NetflixClone */,
			);
		};
/* End PBXProject section */

/* Begin PBXResourcesBuildPhase section */
		C1F554A32B17C7BE00BA3404 /* Resources */ = {
			isa = PBXResourcesBuildPhase;
			buildActionMask = 2147483647;
			files = (
				C1F554B52B17C7C000BA3404 /* LaunchScreen.storyboard in Resources */,
				C1F554D12B17F32500BA3404 /* HeroImage.jpg in Resources */,
				C1F554B22B17C7C000BA3404 /* Assets.xcassets in Resources */,
			);
			runOnlyForDeploymentPostprocessing = 0;
		};
/* End PBXResourcesBuildPhase section */

/* Begin PBXSourcesBuildPhase section */
		C1F554A12B17C7BE00BA3404 /* Sources */ = {
			isa = PBXSourcesBuildPhase;
			buildActionMask = 2147483647;
			files = (
				C1F554C32B17CDB700BA3404 /* SearchViewController.swift in Sources */,
				C1F554AD2B17C7BE00BA3404 /* MainTabBarViewController.swift in Sources */,
				C1F554CC2B17D77200BA3404 /* CollectionViewTableViewCell.swift in Sources */,
				C1F554CE2B17EE9800BA3404 /* HeroHeaderUIView.swift in Sources */,
				C1F554C52B17CDCD00BA3404 /* DownloadsViewController.swift in Sources */,
				C1F554A92B17C7BE00BA3404 /* AppDelegate.swift in Sources */,
				C1F554AB2B17C7BE00BA3404 /* SceneDelegate.swift in Sources */,
				C1F554C12B17CDA000BA3404 /* UpcomingViewController.swift in Sources */,
				C1F554BF2B17CD7500BA3404 /* HomeViewController.swift in Sources */,
			);
			runOnlyForDeploymentPostprocessing = 0;
		};
/* End PBXSourcesBuildPhase section */

/* Begin PBXVariantGroup section */
		C1F554B32B17C7C000BA3404 /* LaunchScreen.storyboard */ = {
			isa = PBXVariantGroup;
			children = (
				C1F554B42B17C7C000BA3404 /* Base */,
			);
			name = LaunchScreen.storyboard;
			sourceTree = "<group>";
		};
/* End PBXVariantGroup section */

/* Begin XCBuildConfiguration section */
		C1F554B72B17C7C000BA3404 /* Debug */ = {
			isa = XCBuildConfiguration;
			buildSettings = {
				ALWAYS_SEARCH_USER_PATHS = NO;
				CLANG_ANALYZER_NONNULL = YES;
				CLANG_ANALYZER_NUMBER_OBJECT_CONVERSION = YES_AGGRESSIVE;
				CLANG_CXX_LANGUAGE_STANDARD = "gnu++20";
				CLANG_ENABLE_MODULES = YES;
				CLANG_ENABLE_OBJC_ARC = YES;
				CLANG_ENABLE_OBJC_WEAK = YES;
				CLANG_WARN_BLOCK_CAPTURE_AUTORELEASING = YES;
				CLANG_WARN_BOOL_CONVERSION = YES;
				CLANG_WARN_COMMA = YES;
				CLANG_WARN_CONSTANT_CONVERSION = YES;
				CLANG_WARN_DEPRECATED_OBJC_IMPLEMENTATIONS = YES;
				CLANG_WARN_DIRECT_OBJC_ISA_USAGE = YES_ERROR;
				CLANG_WARN_DOCUMENTATION_COMMENTS = YES;
				CLANG_WARN_EMPTY_BODY = YES;
				CLANG_WARN_ENUM_CONVERSION = YES;
				CLANG_WARN_INFINITE_RECURSION = YES;
				CLANG_WARN_INT_CONVERSION = YES;
				CLANG_WARN_NON_LITERAL_NULL_CONVERSION = YES;
				CLANG_WARN_OBJC_IMPLICIT_RETAIN_SELF = YES;
				CLANG_WARN_OBJC_LITERAL_CONVERSION = YES;
				CLANG_WARN_OBJC_ROOT_CLASS = YES_ERROR;
				CLANG_WARN_QUOTED_INCLUDE_IN_FRAMEWORK_HEADER = YES;
				CLANG_WARN_RANGE_LOOP_ANALYSIS = YES;
				CLANG_WARN_STRICT_PROTOTYPES = YES;
				CLANG_WARN_SUSPICIOUS_MOVE = YES;
				CLANG_WARN_UNGUARDED_AVAILABILITY = YES_AGGRESSIVE;
				CLANG_WARN_UNREACHABLE_CODE = YES;
				CLANG_WARN__DUPLICATE_METHOD_MATCH = YES;
				COPY_PHASE_STRIP = NO;
				DEBUG_INFORMATION_FORMAT = dwarf;
				ENABLE_STRICT_OBJC_MSGSEND = YES;
				ENABLE_TESTABILITY = YES;
				GCC_C_LANGUAGE_STANDARD = gnu11;
				GCC_DYNAMIC_NO_PIC = NO;
				GCC_NO_COMMON_BLOCKS = YES;
				GCC_OPTIMIZATION_LEVEL = 0;
				GCC_PREPROCESSOR_DEFINITIONS = (
					"DEBUG=1",
					"$(inherited)",
				);
				GCC_WARN_64_TO_32_BIT_CONVERSION = YES;
				GCC_WARN_ABOUT_RETURN_TYPE = YES_ERROR;
				GCC_WARN_UNDECLARED_SELECTOR = YES;
				GCC_WARN_UNINITIALIZED_AUTOS = YES_AGGRESSIVE;
				GCC_WARN_UNUSED_FUNCTION = YES;
				GCC_WARN_UNUSED_VARIABLE = YES;
				IPHONEOS_DEPLOYMENT_TARGET = 16.1;
				MTL_ENABLE_DEBUG_INFO = INCLUDE_SOURCE;
				MTL_FAST_MATH = YES;
				ONLY_ACTIVE_ARCH = YES;
				SDKROOT = iphoneos;
				SWIFT_ACTIVE_COMPILATION_CONDITIONS = DEBUG;
				SWIFT_OPTIMIZATION_LEVEL = "-Onone";
			};
			name = Debug;
		};
		C1F554B82B17C7C000BA3404 /* Release */ = {
			isa = XCBuildConfiguration;
			buildSettings = {
				ALWAYS_SEARCH_USER_PATHS = NO;
				CLANG_ANALYZER_NONNULL = YES;
				CLANG_ANALYZER_NUMBER_OBJECT_CONVERSION = YES_AGGRESSIVE;
				CLANG_CXX_LANGUAGE_STANDARD = "gnu++20";
				CLANG_ENABLE_MODULES = YES;
				CLANG_ENABLE_OBJC_ARC = YES;
				CLANG_ENABLE_OBJC_WEAK = YES;
				CLANG_WARN_BLOCK_CAPTURE_AUTORELEASING = YES;
				CLANG_WARN_BOOL_CONVERSION = YES;
				CLANG_WARN_COMMA = YES;
				CLANG_WARN_CONSTANT_CONVERSION = YES;
				CLANG_WARN_DEPRECATED_OBJC_IMPLEMENTATIONS = YES;
				CLANG_WARN_DIRECT_OBJC_ISA_USAGE = YES_ERROR;
				CLANG_WARN_DOCUMENTATION_COMMENTS = YES;
				CLANG_WARN_EMPTY_BODY = YES;
				CLANG_WARN_ENUM_CONVERSION = YES;
				CLANG_WARN_INFINITE_RECURSION = YES;
				CLANG_WARN_INT_CONVERSION = YES;
				CLANG_WARN_NON_LITERAL_NULL_CONVERSION = YES;
				CLANG_WARN_OBJC_IMPLICIT_RETAIN_SELF = YES;
				CLANG_WARN_OBJC_LITERAL_CONVERSION = YES;
				CLANG_WARN_OBJC_ROOT_CLASS = YES_ERROR;
				CLANG_WARN_QUOTED_INCLUDE_IN_FRAMEWORK_HEADER = YES;
				CLANG_WARN_RANGE_LOOP_ANALYSIS = YES;
				CLANG_WARN_STRICT_PROTOTYPES = YES;
				CLANG_WARN_SUSPICIOUS_MOVE = YES;
				CLANG_WARN_UNGUARDED_AVAILABILITY = YES_AGGRESSIVE;
				CLANG_WARN_UNREACHABLE_CODE = YES;
				CLANG_WARN__DUPLICATE_METHOD_MATCH = YES;
				COPY_PHASE_STRIP = NO;
				DEBUG_INFORMATION_FORMAT = "dwarf-with-dsym";
				ENABLE_NS_ASSERTIONS = NO;
				ENABLE_STRICT_OBJC_MSGSEND = YES;
				GCC_C_LANGUAGE_STANDARD = gnu11;
				GCC_NO_COMMON_BLOCKS = YES;
				GCC_WARN_64_TO_32_BIT_CONVERSION = YES;
				GCC_WARN_ABOUT_RETURN_TYPE = YES_ERROR;
				GCC_WARN_UNDECLARED_SELECTOR = YES;
				GCC_WARN_UNINITIALIZED_AUTOS = YES_AGGRESSIVE;
				GCC_WARN_UNUSED_FUNCTION = YES;
				GCC_WARN_UNUSED_VARIABLE = YES;
				IPHONEOS_DEPLOYMENT_TARGET = 16.1;
				MTL_ENABLE_DEBUG_INFO = NO;
				MTL_FAST_MATH = YES;
				SDKROOT = iphoneos;
				SWIFT_COMPILATION_MODE = wholemodule;
				SWIFT_OPTIMIZATION_LEVEL = "-O";
				VALIDATE_PRODUCT = YES;
			};
			name = Release;
		};
		C1F554BA2B17C7C000BA3404 /* Debug */ = {
			isa = XCBuildConfiguration;
			buildSettings = {
				ASSETCATALOG_COMPILER_APPICON_NAME = AppIcon;
				ASSETCATALOG_COMPILER_GLOBAL_ACCENT_COLOR_NAME = AccentColor;
				CODE_SIGN_STYLE = Automatic;
				CURRENT_PROJECT_VERSION = 1;
				DEVELOPMENT_TEAM = NX5WVK23N8;
				GENERATE_INFOPLIST_FILE = YES;
				INFOPLIST_FILE = NetflixClone/Info.plist;
				INFOPLIST_KEY_UIApplicationSupportsIndirectInputEvents = YES;
				INFOPLIST_KEY_UILaunchStoryboardName = LaunchScreen;
				INFOPLIST_KEY_UISupportedInterfaceOrientations_iPad = "UIInterfaceOrientationPortrait UIInterfaceOrientationPortraitUpsideDown UIInterfaceOrientationLandscapeLeft UIInterfaceOrientationLandscapeRight";
				INFOPLIST_KEY_UISupportedInterfaceOrientations_iPhone = "UIInterfaceOrientationPortrait UIInterfaceOrientationLandscapeLeft UIInterfaceOrientationLandscapeRight";
				LD_RUNPATH_SEARCH_PATHS = (
					"$(inherited)",
					"@executable_path/Frameworks",
				);
				MARKETING_VERSION = 1.0;
				PRODUCT_BUNDLE_IDENTIFIER = com.yigithansonmez.NetflixClone;
				PRODUCT_NAME = "$(TARGET_NAME)";
				SWIFT_EMIT_LOC_STRINGS = YES;
				SWIFT_VERSION = 5.0;
				TARGETED_DEVICE_FAMILY = "1,2";
			};
			name = Debug;
		};
		C1F554BB2B17C7C000BA3404 /* Release */ = {
			isa = XCBuildConfiguration;
			buildSettings = {
				ASSETCATALOG_COMPILER_APPICON_NAME = AppIcon;
				ASSETCATALOG_COMPILER_GLOBAL_ACCENT_COLOR_NAME = AccentColor;
				CODE_SIGN_STYLE = Automatic;
				CURRENT_PROJECT_VERSION = 1;
				DEVELOPMENT_TEAM = NX5WVK23N8;
				GENERATE_INFOPLIST_FILE = YES;
				INFOPLIST_FILE = NetflixClone/Info.plist;
				INFOPLIST_KEY_UIApplicationSupportsIndirectInputEvents = YES;
				INFOPLIST_KEY_UILaunchStoryboardName = LaunchScreen;
				INFOPLIST_KEY_UISupportedInterfaceOrientations_iPad = "UIInterfaceOrientationPortrait UIInterfaceOrientationPortraitUpsideDown UIInterfaceOrientationLandscapeLeft UIInterfaceOrientationLandscapeRight";
				INFOPLIST_KEY_UISupportedInterfaceOrientations_iPhone = "UIInterfaceOrientationPortrait UIInterfaceOrientationLandscapeLeft UIInterfaceOrientationLandscapeRight";
				LD_RUNPATH_SEARCH_PATHS = (
					"$(inherited)",
					"@executable_path/Frameworks",
				);
				MARKETING_VERSION = 1.0;
				PRODUCT_BUNDLE_IDENTIFIER = com.yigithansonmez.NetflixClone;
				PRODUCT_NAME = "$(TARGET_NAME)";
				SWIFT_EMIT_LOC_STRINGS = YES;
				SWIFT_VERSION = 5.0;
				TARGETED_DEVICE_FAMILY = "1,2";
			};
			name = Release;
		};
/* End XCBuildConfiguration section */

/* Begin XCConfigurationList section */
		C1F554A02B17C7BE00BA3404 /* Build configuration list for PBXProject "NetflixClone" */ = {
			isa = XCConfigurationList;
			buildConfigurations = (
				C1F554B72B17C7C000BA3404 /* Debug */,
				C1F554B82B17C7C000BA3404 /* Release */,
			);
			defaultConfigurationIsVisible = 0;
			defaultConfigurationName = Release;
		};
		C1F554B92B17C7C000BA3404 /* Build configuration list for PBXNativeTarget "NetflixClone" */ = {
			isa = XCConfigurationList;
			buildConfigurations = (
				C1F554BA2B17C7C000BA3404 /* Debug */,
				C1F554BB2B17C7C000BA3404 /* Release */,
			);
			defaultConfigurationIsVisible = 0;
			defaultConfigurationName = Release;
		};
/* End XCConfigurationList section */
	};
	rootObject = C1F5549D2B17C7BE00BA3404 /* Project object */;
}
